
Microsoft Visual Studio Solution File, Format Version 11.00
# Visual Studio 2010
Project("{FAE04EC0-301F-11D3-BF4B-00C04F79EFBC}") = "Assembly-CSharp", "Assembly-CSharp.csproj", "{72E0A918-0F2E-A054-AF57-CED979314417}"
EndProject
Project("{FAE04EC0-301F-11D3-BF4B-00C04F79EFBC}") = "Unity.XR.Management.Samples.Editor", "Unity.XR.Management.Samples.Editor.csproj", "{0A8F7746-4B5E-50B7-CF7A-BD63039AC899}"
EndProject
Project("{FAE04EC0-301F-11D3-BF4B-00C04F79EFBC}") = "Unity.XR.Management.Samples", "Unity.XR.Management.Samples.csproj", "{3AE290D3-4E54-E5F4-1D35-BA0ED436D09E}"
EndProject
Global
	GlobalSection(SolutionConfigurationPlatforms) = preSolution
		Debug|Any CPU = Debug|Any CPU
		Release|Any CPU = Release|Any CPU
	EndGlobalSection
	GlobalSection(ProjectConfigurationPlatforms) = postSolution
		{72E0A918-0F2E-A054-AF57-CED979314417}.Debug|Any CPU.ActiveCfg = Debug|Any CPU
		{72E0A918-0F2E-A054-AF57-CED979314417}.Debug|Any CPU.Build.0 = Debug|Any CPU
		{72E0A918-0F2E-A054-AF57-CED979314417}.Release|Any CPU.ActiveCfg = Release|Any CPU
		{72E0A918-0F2E-A054-AF57-CED979314417}.Release|Any CPU.Build.0 = Release|Any CPU
		{0A8F7746-4B5E-50B7-CF7A-BD63039AC899}.Debug|Any CPU.ActiveCfg = Debug|Any CPU
		{0A8F7746-4B5E-50B7-CF7A-BD63039AC899}.Debug|Any CPU.Build.0 = Debug|Any CPU
		{0A8F7746-4B5E-50B7-CF7A-BD63039AC899}.Release|Any CPU.ActiveCfg = Release|Any CPU
		{0A8F7746-4B5E-50B7-CF7A-BD63039AC899}.Release|Any CPU.Build.0 = Release|Any CPU
		{3AE290D3-4E54-E5F4-1D35-BA0ED436D09E}.Debug|Any CPU.ActiveCfg = Debug|Any CPU
		{3AE290D3-4E54-E5F4-1D35-BA0ED436D09E}.Debug|Any CPU.Build.0 = Debug|Any CPU
		{3AE290D3-4E54-E5F4-1D35-BA0ED436D09E}.Release|Any CPU.ActiveCfg = Release|Any CPU
		{3AE290D3-4E54-E5F4-1D35-BA0ED436D09E}.Release|Any CPU.Build.0 = Release|Any CPU
	EndGlobalSection
	GlobalSection(SolutionProperties) = preSolution
		HideSolutionNode = FALSE
	EndGlobalSection
EndGlobal
